{
 "profile_host": "[settings]\narch=x86_64\narch_build=x86_64\nbuild_type=Release\ncompiler=gcc\ncompiler.libcxx=libstdc++11\ncompiler.version=7\ngstreamer=1.16\nos=Linux\nos_build=Linux\n[options]\n[build_requires]\n[env]\n",
 "graph_lock": {
  "nodes": {
   "0": {
    "pref": "gst-rgbd/master@aivero/stable:c793cc0f7b502f90757ca57fc18d1d06ee036fe5",
    "options": "cairo:fontconfig=True\ncairo:introspection=True\ncairo:png=True\ncairo:zlib=True\ngstreamer:check=True\ngstreamer:introspection=True\ngstreamer:tools=True\ngstreamer-plugins-base:app=True\ngstreamer-plugins-base:audioconvert=True\ngstreamer-plugins-base:audioresample=False\ngstreamer-plugins-base:audiotestsrc=True\ngstreamer-plugins-base:gl=True\ngstreamer-plugins-base:introspection=True\ngstreamer-plugins-base:opus=True\ngstreamer-plugins-base:orc=True\ngstreamer-plugins-base:pango=True\ngstreamer-plugins-base:playback=True\ngstreamer-plugins-base:timeoverlay=True\ngstreamer-plugins-base:typefind=True\ngstreamer-plugins-base:videoconvert=True\ngstreamer-plugins-base:videoscale=True\ngstreamer-plugins-base:videotestsrc=True\ngstreamer-plugins-base:x11=True",
    "requires": [
     "1",
     "27"
    ],
    "build_requires": [
     "28",
     "38"
    ],
    "path": "/home/joao/Documents/aivero/gst-rgbd/conanfile.py"
   },
   "1": {
    "pref": "gstreamer-depth-meta/0.3.1@aivero/stable#538a44b55ea34e078b8739da0986f56c:1a57b7716b65def5810b35c21c276c419559472f#053380b1da2f821fd0225a58a666a34c",
    "options": "cairo:fontconfig=True\ncairo:introspection=True\ncairo:png=True\ncairo:zlib=True\ngstreamer:check=True\ngstreamer:introspection=True\ngstreamer:tools=True\ngstreamer-plugins-base:app=True\ngstreamer-plugins-base:audioconvert=True\ngstreamer-plugins-base:audioresample=False\ngstreamer-plugins-base:audiotestsrc=True\ngstreamer-plugins-base:gl=True\ngstreamer-plugins-base:introspection=True\ngstreamer-plugins-base:opus=True\ngstreamer-plugins-base:orc=True\ngstreamer-plugins-base:pango=True\ngstreamer-plugins-base:playback=True\ngstreamer-plugins-base:timeoverlay=True\ngstreamer-plugins-base:typefind=True\ngstreamer-plugins-base:videoconvert=True\ngstreamer-plugins-base:videoscale=True\ngstreamer-plugins-base:videotestsrc=True\ngstreamer-plugins-base:x11=True",
    "requires": [
     "2"
    ]
   },
   "2": {
    "pref": "gstreamer-plugins-base/1.16.2@aivero/stable#7dc43e06134a5ca673042177bb2a3d44:c6734dbd6a8fbe6e42de99223a7821dce9dae854#c631d7b25af4bea16213e86c99d3cfa3",
    "options": "app=True\naudioconvert=True\naudioresample=False\naudiotestsrc=True\ngl=True\nintrospection=True\nopus=True\norc=True\npango=True\nplayback=True\ntimeoverlay=True\ntypefind=True\nvideoconvert=True\nvideoscale=True\nvideotestsrc=True\nx11=True\ncairo:fontconfig=True\ncairo:introspection=True\ncairo:png=True\ncairo:zlib=True\ngstreamer:check=True\ngstreamer:introspection=True\ngstreamer:tools=True",
    "requires": [
     "3",
     "7",
     "8",
     "9",
     "14"
    ]
   },
   "3": {
    "pref": "gstreamer/1.16.2@aivero/stable#66914f8d84e9add01dbd3e8e61d76d31:addb6aa6c784b5d625634b9a6a0f65fa3369e937#4a03dcf215c167385da95b8c33880096",
    "options": "check=True\nintrospection=True\ntools=True",
    "requires": [
     "4"
    ]
   },
   "4": {
    "pref": "glib/2.62.0@aivero/stable#450754c02da33683e81fbfb7e84fe59b:7217ccdd6ac933da6a85068b4b80d126e7f6d4c3#c017252b37125835baa13d89f1c2457c",
    "options": "",
    "requires": [
     "5",
     "6"
    ]
   },
   "5": {
    "pref": "zlib/1.2.11@aivero/stable#6efe8396e24a2d4850b7319b997b3dad:9bfdcfa2bb925892ecf42e2a018a3f3529826676#6a7cde483f7f9ed1721d086e84047ee3",
    "options": ""
   },
   "6": {
    "pref": "libffi/3.3@aivero/stable#e9317c54cf1d1b699f527f0b6a7fcecd:9bfdcfa2bb925892ecf42e2a018a3f3529826676#2d30b3f67e94d8d9c2165ab12caf91ca",
    "options": ""
   },
   "7": {
    "pref": "orc/0.4.31@aivero/stable#0:9bfdcfa2bb925892ecf42e2a018a3f3529826676#0",
    "options": ""
   },
   "8": {
    "pref": "opus/1.3.1@aivero/stable#698ccf92f5758f3efa43fd83b363f563:9bfdcfa2bb925892ecf42e2a018a3f3529826676#33eff7dbcbfef808348a6ab7ef235f88",
    "options": ""
   },
   "9": {
    "pref": "pango/1.44.6@aivero/stable#9928e423ad589f3d751b629984fadee7:8b09ea00dc9e4cca80f14dd06e12cb140af10d09#754a0ba7b176da22274a37cfb7ef0c04",
    "options": "cairo:fontconfig=True\ncairo:introspection=True\ncairo:png=True\ncairo:zlib=True",
    "requires": [
     "10",
     "11",
     "22"
    ]
   },
   "10": {
    "pref": "fribidi/1.0.5@aivero/stable#41809f70ed035b42eb9d6f8ec45eae12:9bfdcfa2bb925892ecf42e2a018a3f3529826676#6eba279d65ec3370754c417d90b65382",
    "options": ""
   },
   "11": {
    "pref": "cairo/1.16.0@aivero/stable#b800fc45735c609c1e83783add243571:de5348cdd4d0ab1f16294b1b81e1712d1d5b36cb#1618bdb445cc0b982237731acf18420c",
    "options": "fontconfig=True\nintrospection=True\npng=True\nzlib=True",
    "requires": [
     "4",
     "12",
     "13",
     "19",
     "20",
     "5",
     "25"
    ]
   },
   "12": {
    "pref": "pixman/0.38.4@aivero/stable#1f7d0d9fc8e0ccd142bf5e1044141649:9bfdcfa2bb925892ecf42e2a018a3f3529826676#8c4d367f9b3eb3564ae6ec62cbd54e46",
    "options": ""
   },
   "13": {
    "pref": "libxrender/0.9.10@aivero/stable#57a67fdf3de89d3b36d3960121d79a5a:80955f9892eb0debf84a0ab42fa397768b351535#afdb63a90a10f2e605f259b38e508a9e",
    "options": "",
    "requires": [
     "14"
    ]
   },
   "14": {
    "pref": "libx11/1.6.8@aivero/stable#0ab03b3da8664d04e6fb939fa153bfe0:e17c5950b1bf93b0684fc71b9b040674281cb074#e4170efc20c7e48deac840d6d4a5f9af",
    "options": "",
    "requires": [
     "15"
    ]
   },
   "15": {
    "pref": "libxcb/1.13.1@aivero/stable#20607f93159cd2c4aecb4fd9acc8b648:d4fe909a2ac3c1d31d0046f01577d7bfad6417fb#e239f39d91920001870fbfbdac3ce243",
    "options": "",
    "requires": [
     "16",
     "18"
    ]
   },
   "16": {
    "pref": "libxau/1.0.9@aivero/stable#b82ba94023adb83d20a41c1d3445e07a:03e012b4304571e7eec57e4bb975b66c25f8e332#0d6ae3a713f26d35c0fee492ca3ca3e2",
    "options": "",
    "requires": [
     "17"
    ]
   },
   "17": {
    "pref": "xorgproto/2019.1@aivero/stable#fa09edff925b13df9709b12ab40e1db3:9bfdcfa2bb925892ecf42e2a018a3f3529826676#8de6280444f9cf838357bfaf65a43be6",
    "options": ""
   },
   "18": {
    "pref": "libpthread-stubs/0.4@aivero/stable#cb72fd5fd8e83c8cc54fdc8d2dbfb0ea:9bfdcfa2bb925892ecf42e2a018a3f3529826676#0b34def3fab4d9b901b54afba66639f3",
    "options": ""
   },
   "19": {
    "pref": "libxext/1.3.4@aivero/stable#f911fc11e6af60d148e631dd4a59262c:80955f9892eb0debf84a0ab42fa397768b351535#662fda71f01ce16cffe2c3454b5397ea",
    "options": "",
    "requires": [
     "14"
    ]
   },
   "20": {
    "pref": "fontconfig/2.13.92@aivero/stable#89d12ddf5908250c02b8ef0c6bac5034:8b449a2f9d5daff68128a5984fac57c1e8d73d4d#60a2af028c262b796f2a87af51118f87",
    "options": "",
    "requires": [
     "21",
     "23",
     "24"
    ]
   },
   "21": {
    "pref": "freetype/2.10.1@aivero/stable#fbed98b49e69af93fabaeb28a3a68e8d:e0f3765644628a37d17946860b7f3a7934d7b8fa#3f22a2e1729a2ebf41a2f2f61647f89e",
    "options": "",
    "requires": [
     "22"
    ]
   },
   "22": {
    "pref": "harfbuzz/2.6.1@aivero/stable#2bb17379a7c9f740d8953da811ec164d:8204efd0b9798c17e5010ce230ce05919167f107#8e4cb06ed1e6af2a846ffff2abd40f7a",
    "options": "",
    "requires": [
     "4"
    ]
   },
   "23": {
    "pref": "libuuid/1.0.3@aivero/stable#4bde666f66984ab8bc8528a0084a2985:9bfdcfa2bb925892ecf42e2a018a3f3529826676#81d39e8766f0a520fd527fc0fd443feb",
    "options": ""
   },
   "24": {
    "pref": "expat/2.2.7@aivero/stable#3230e23d4833deca6a02eeed13c1d34e:9bfdcfa2bb925892ecf42e2a018a3f3529826676#d39e455a2ed1f97aa4d8a83a5ce0a26d",
    "options": ""
   },
   "25": {
    "pref": "libpng/1.6.37@aivero/stable#410ea9aa425c9c78d34c9d43c9a97c7b:59d42cd0790f6974eaee8ea1f0a1ac24fcc94678#db7045eefbfa6cc8599425e070b9e817",
    "options": "",
    "requires": [
     "26",
     "5"
    ]
   },
   "26": {
    "pref": "generators/1.0.0@aivero/stable#076bd0c2184dc2541386d36644f7cfbb:5ab84d6acfe1f23c4fae0ab88f26e3a396351ac9#1d2398be1534146a27b2ff333c68dcad",
    "options": ""
   },
   "27": {
    "pref": "capnproto/0.8.0@aivero/stable#4d9fe42336d74b73b73130495d20681d:9bfdcfa2bb925892ecf42e2a018a3f3529826676#21d1e10fd57aee87c1b3c6ccb9a32176",
    "options": ""
   },
   "28": {
    "pref": "rust/1.43.1@aivero/stable#67c124df0b484630efc3df77c138289e:5f109dff7ec1cff8cc53cf9d474544d0ca500aee#7164ba9053290d6152fdd3156ffbc4fa",
    "options": "",
    "requires": [
     "29",
     "30",
     "32"
    ]
   },
   "29": {
    "pref": "pkgconf/1.6.3@aivero/stable#fa26ffea47786ef7dd6d011cca2331c0:9bfdcfa2bb925892ecf42e2a018a3f3529826676#8dfcd32ec582d2cdb39443ddd484b475",
    "options": ""
   },
   "30": {
    "pref": "clang/9.0.0@aivero/stable#e2474ccdb01c06931deef974237c614c:615c83965c10a070660a315979220a0113bfa081#0735b7d7ba9e83386c0abc9f65299a18",
    "options": "",
    "requires": [
     "31"
    ]
   },
   "31": {
    "pref": "llvm/9.0.0@aivero/stable#de395287e97a67dbd20caccb2a22af71:3c053f710fba012da4e008410ea267efc9e76d29#7f96c3fc544bd84b11c26358b2a8d464",
    "options": "",
    "requires": [
     "6",
     "5"
    ]
   },
   "32": {
    "pref": "gcc/7.4.0@aivero/stable#e59953f78f96e589a8daff357f764449:8e6b56f7cd1dce4b87fb4d7373db4c534d9fcdb0#88fe5cec66bd04d6b0890351f9726a46",
    "options": "",
    "requires": [
     "33",
     "34",
     "36",
     "37"
    ]
   },
   "33": {
    "pref": "binutils/2.33.1@aivero/stable#358053bcf3abe6dc348bb7612cbd7a31:efbe354690ef83824a1e98c7a6076b7ab63bc1b3#57580c837c0acb60888ceaa08f34dab7",
    "options": ""
   },
   "34": {
    "pref": "isl/0.22.1@aivero/stable#38012b80dea0e39f6f23fe2ee6f70ea0:2dc78da1d8da7a7192213457b12e1189b5859e3a#22c8786cffb5312f53794986e1e94360",
    "options": "",
    "requires": [
     "35"
    ]
   },
   "35": {
    "pref": "gmp/6.1.2@aivero/stable#feb75aff80cf67d4c00e5e41bbcd68f2:efbe354690ef83824a1e98c7a6076b7ab63bc1b3#7ed2ecf1483bb025a47c83aaa220556e",
    "options": ""
   },
   "36": {
    "pref": "mpfr/4.0.2@aivero/stable#a33a94f275751e5188b332106dd6a7ab:2dc78da1d8da7a7192213457b12e1189b5859e3a#ee4f69e3b92898a565840cdf10eb0fe0",
    "options": "",
    "requires": [
     "35"
    ]
   },
   "37": {
    "pref": "mpc/1.1.0@aivero/stable#41c9ba1fac46b1f43dd1c101b1b3384c:bda1b283814185dce451538e9947978a2e6b6314#aef3dd4d06e41d66849b1888fe357699",
    "options": "",
    "requires": [
     "35",
     "36"
    ]
   },
   "38": {
    "pref": "sccache/0.2.12@aivero/stable#3fac6ed70b1c93808e068d47d9e9ace9:9bfdcfa2bb925892ecf42e2a018a3f3529826676#01bceac3df77f7d540a04a1fbf19375e",
    "options": ""
   }
  }
 },
 "version": "0.3"
}